{
  "requires": true,
  "lockfileVersion": 1,
  "dependencies": {
    "expo-secure-store": {
      "version": "9.0.1",
      "resolved": "https://registry.npmjs.org/expo-secure-store/-/expo-secure-store-9.0.1.tgz",
      "integrity": "sha512-+XgSZTelr57AyIJIGPcB/+QMrrm7wd8KFaF+TD8eJFwEN3B7s+tZyNoPH2JaJkAY0yh9FqcGG4kE3/YgK7GY3Q=="
    }
  }
}
